
Microsoft Visual Studio Solution File, Format Version 12.00
Project("{FAE04EC0-301F-11D3-BF4B-00C04F79EFBC}") = "Authentication.Api", "Authentication.Api\Authentication.Api.csproj", "{D5AFFBEB-70EE-4E40-9D6F-FB129BAB3CDC}"
EndProject
Project("{FAE04EC0-301F-11D3-BF4B-00C04F79EFBC}") = "Authentication.Data.EFCore", "Authentication.Data.EFCore\Authentication.Data.EFCore.csproj", "{5F136E60-D14F-419F-8486-9D3CBF951A81}"
EndProject
Project("{FAE04EC0-301F-11D3-BF4B-00C04F79EFBC}") = "Authentication.Models", "Authentication.Models\Authentication.Models.csproj", "{7DBD5995-17F7-4534-A041-EF1EEA3A2127}"
EndProject
Project("{FAE04EC0-301F-11D3-BF4B-00C04F79EFBC}") = "Authentication.Services", "Authentication.Services\Authentication.Services.csproj", "{C308F54F-5B30-4041-8231-64FB5E60E36A}"
EndProject
Global
	GlobalSection(SolutionConfigurationPlatforms) = preSolution
		Debug|Any CPU = Debug|Any CPU
		Release|Any CPU = Release|Any CPU
	EndGlobalSection
	GlobalSection(ProjectConfigurationPlatforms) = postSolution
		{D5AFFBEB-70EE-4E40-9D6F-FB129BAB3CDC}.Debug|Any CPU.ActiveCfg = Debug|Any CPU
		{D5AFFBEB-70EE-4E40-9D6F-FB129BAB3CDC}.Debug|Any CPU.Build.0 = Debug|Any CPU
		{D5AFFBEB-70EE-4E40-9D6F-FB129BAB3CDC}.Release|Any CPU.ActiveCfg = Release|Any CPU
		{D5AFFBEB-70EE-4E40-9D6F-FB129BAB3CDC}.Release|Any CPU.Build.0 = Release|Any CPU
		{5F136E60-D14F-419F-8486-9D3CBF951A81}.Debug|Any CPU.ActiveCfg = Debug|Any CPU
		{5F136E60-D14F-419F-8486-9D3CBF951A81}.Debug|Any CPU.Build.0 = Debug|Any CPU
		{5F136E60-D14F-419F-8486-9D3CBF951A81}.Release|Any CPU.ActiveCfg = Release|Any CPU
		{5F136E60-D14F-419F-8486-9D3CBF951A81}.Release|Any CPU.Build.0 = Release|Any CPU
		{7DBD5995-17F7-4534-A041-EF1EEA3A2127}.Debug|Any CPU.ActiveCfg = Debug|Any CPU
		{7DBD5995-17F7-4534-A041-EF1EEA3A2127}.Debug|Any CPU.Build.0 = Debug|Any CPU
		{7DBD5995-17F7-4534-A041-EF1EEA3A2127}.Release|Any CPU.ActiveCfg = Release|Any CPU
		{7DBD5995-17F7-4534-A041-EF1EEA3A2127}.Release|Any CPU.Build.0 = Release|Any CPU
		{C308F54F-5B30-4041-8231-64FB5E60E36A}.Debug|Any CPU.ActiveCfg = Debug|Any CPU
		{C308F54F-5B30-4041-8231-64FB5E60E36A}.Debug|Any CPU.Build.0 = Debug|Any CPU
		{C308F54F-5B30-4041-8231-64FB5E60E36A}.Release|Any CPU.ActiveCfg = Release|Any CPU
		{C308F54F-5B30-4041-8231-64FB5E60E36A}.Release|Any CPU.Build.0 = Release|Any CPU
	EndGlobalSection
EndGlobal
